{
  "R": {
    "Version": "4.2.1",
    "Repositories": [
      {
        "Name": "CRAN",
        "URL": "https://cran.rstudio.com"
      },
      {
        "Name": "BioCsoft",
        "URL": "https://bioconductor.org/packages/3.13/bioc"
      }
    ]
  },
  "Bioconductor": {
    "Version": "3.15"
  },
  "Packages": {
    "BiocManager": {
      "Package": "BiocManager",
      "Version": "1.30.18",
      "Source": "Repository",
      "Repository": "CRAN",
      "Hash": "b1a93bed5debda5775636086fdca017b",
      "Requirements": []
    },
    "BiocVersion": {
      "Package": "BiocVersion",
      "Version": "3.15.2",
      "Source": "Bioconductor",
      "git_url": "https://git.bioconductor.org/packages/BiocVersion",
      "git_branch": "master",
      "git_last_commit": "818ab03",
      "git_last_commit_date": "2022-03-29",
      "Hash": "48e545a2fa24a967de72b1114bfe96ac",
      "Requirements": []
    },
    "DT": {
      "Package": "DT",
      "Version": "0.24",
      "Source": "Repository",
      "Repository": "CRAN",
      "Hash": "c814c35b0bc58613b4632c8acaf80b04",
      "Requirements": [
        "jsonlite"
      ]
    },
    "colourpicker": {
      "Package": "colourpicker",
      "Version": "1.1.1",
      "Source": "Repository",
      "Repository": "CRAN",
      "Hash": "0f5d0b4542951dbbcf06e0d151a5227a",
      "Requirements": [
        "ggplot2",
        "jsonlite",
        "shiny",
        "shinyjs"
      ]
    },
    "devtools": {
      "Package": "devtools",
      "Version": "2.4.4",
      "Source": "Repository",
      "Repository": "CRAN",
      "Hash": "d6ad91ae6533b84d227bb0b5262c111f",
      "Requirements": [
        "usethis"
      ]
    },
    "ggplot2": {
      "Package": "ggplot2",
      "Version": "3.3.6",
      "Source": "Repository",
      "Repository": "CRAN",
      "Hash": "0fb26d0674c82705c6b701d1a61e02ea",
      "Requirements": []
    },
    "jsonlite": {
      "Package": "jsonlite",
      "Version": "1.8.0",
      "Source": "Repository",
      "Repository": "CRAN",
      "Hash": "d07e729b27b372429d42d24d503613a0",
      "Requirements": []
    },
    "limma": {
      "Package": "limma",
      "Version": "3.52.2",
      "Source": "Bioconductor",
      "git_url": "https://git.bioconductor.org/packages/limma",
      "git_branch": "RELEASE_3_15",
      "git_last_commit": "b0b1b7c",
      "git_last_commit_date": "2022-06-04",
      "Hash": "a0292a1cd346ecb09c6e7307470e87aa",
      "Requirements": []
    },
    "markdown": {
      "Package": "markdown",
      "Version": "1.1",
      "Source": "Repository",
      "Repository": "CRAN",
      "Hash": "61e4a10781dd00d7d81dd06ca9b94e95",
      "Requirements": []
    },
    "plotly": {
      "Package": "plotly",
      "Version": "4.10.0",
      "Source": "Repository",
      "Repository": "CRAN",
      "Hash": "fbb11e44d057996ca5fe40d959cacfb0",
      "Requirements": [
        "ggplot2",
        "jsonlite",
        "purrr"
      ]
    },
    "pmartR": {
      "Package": "pmartR",
      "Version": "0.10.0",
      "Source": "GitHub",
      "RemoteType": "github",
      "RemoteHost": "api.github.com",
      "RemoteRepo": "pmartR",
      "RemoteUsername": "pmartR",
      "RemoteRef": "David_Develop",
      "RemoteSha": "a105a4aa48d8f331877f3f25f61b7ac64db467ab",
      "Hash": "0a86d9b25fc56093cb8571a865fc29aa",
      "Requirements": [
        "ggplot2",
        "limma",
        "plotly"
      ]
    },
    "processx": {
      "Package": "processx",
      "Version": "3.7.0",
      "Source": "Repository",
      "Repository": "CRAN",
      "Hash": "f91df0f5f31ffdf88bc0b624f5ebab0f",
      "Requirements": []
    },
    "purrr": {
      "Package": "purrr",
      "Version": "0.3.4",
      "Source": "Repository",
      "Repository": "CRAN",
      "Hash": "97def703420c8ab10d8f0e6c72101e02",
      "Requirements": []
    },
    "readr": {
      "Package": "readr",
      "Version": "2.1.2",
      "Source": "Repository",
      "Repository": "CRAN",
      "Hash": "9c59de1357dc209868b5feb5c9f0fe2f",
      "Requirements": []
    },
    "renv": {
      "Package": "renv",
      "Version": "0.15.5",
      "Source": "Repository",
      "Repository": "CRAN",
      "Hash": "6a38294e7d12f5d8e656b08c5bd8ae34",
      "Requirements": []
    },
    "reticulate": {
      "Package": "reticulate",
      "Version": "1.25",
      "Source": "Repository",
      "Repository": "CRAN",
      "Hash": "786b311743eb8cd347491f8f0a571941",
      "Requirements": [
        "jsonlite"
      ]
    },
    "shiny": {
      "Package": "shiny",
      "Version": "1.7.2",
      "Source": "Repository",
      "Repository": "CRAN",
      "Hash": "4f7970a3edb0a153ac6b376785a1944a",
      "Requirements": [
        "jsonlite"
      ]
    },
    "shinyBS": {
      "Package": "shinyBS",
      "Version": "0.61.1",
      "Source": "Repository",
      "Repository": "CRAN",
      "Hash": "e44255f073ecdc26ba6bc2ce3fcf174d",
      "Requirements": [
        "shiny"
      ]
    },
    "shinyWidgets": {
      "Package": "shinyWidgets",
      "Version": "0.7.2",
      "Source": "Repository",
      "Repository": "CRAN",
      "Hash": "889030b350a9c968bd9df9c6ff267576",
      "Requirements": [
        "jsonlite",
        "shiny"
      ]
    },
    "shinyalert": {
      "Package": "shinyalert",
      "Version": "3.0.0",
      "Source": "Repository",
      "Repository": "CRAN",
      "Hash": "2fd42421abd79dcaf0855fa1d21599a3",
      "Requirements": [
        "shiny"
      ]
    },
    "shinyjs": {
      "Package": "shinyjs",
      "Version": "2.1.0",
      "Source": "Repository",
      "Repository": "CRAN",
      "Hash": "802e4786b353a4bb27116957558548d5",
      "Requirements": [
        "jsonlite",
        "shiny"
      ]
    },
    "stringr": {
      "Package": "stringr",
      "Version": "1.4.1",
      "Source": "Repository",
      "Repository": "CRAN",
      "Hash": "a66ad12140cd34d4f9dfcc19e84fc2a5",
      "Requirements": []
    },
    "usethis": {
      "Package": "usethis",
      "Version": "2.1.6",
      "Source": "Repository",
      "Repository": "CRAN",
      "Hash": "a67a22c201832b12c036cc059f1d137d",
      "Requirements": [
        "jsonlite",
        "purrr"
      ]
    }
  }
}
